
Microsoft Visual Studio Solution File, Format Version 12.00
# Visual Studio Version 16
VisualStudioVersion = 16.0.30002.166
MinimumVisualStudioVersion = 10.0.40219.1
Project("{FAE04EC0-301F-11D3-BF4B-00C04F79EFBC}") = "LINQExample", "LINQExample\LINQExample.csproj", "{003DA2F9-A1B7-4E9A-8769-BBA82406FF7A}"
EndProject
Global
	GlobalSection(SolutionConfigurationPlatforms) = preSolution
		Debug|Any CPU = Debug|Any CPU
		Release|Any CPU = Release|Any CPU
	EndGlobalSection
	GlobalSection(ProjectConfigurationPlatforms) = postSolution
		{003DA2F9-A1B7-4E9A-8769-BBA82406FF7A}.Debug|Any CPU.ActiveCfg = Debug|Any CPU
		{003DA2F9-A1B7-4E9A-8769-BBA82406FF7A}.Debug|Any CPU.Build.0 = Debug|Any CPU
		{003DA2F9-A1B7-4E9A-8769-BBA82406FF7A}.Release|Any CPU.ActiveCfg = Release|Any CPU
		{003DA2F9-A1B7-4E9A-8769-BBA82406FF7A}.Release|Any CPU.Build.0 = Release|Any CPU
	EndGlobalSection
	GlobalSection(SolutionProperties) = preSolution
		HideSolutionNode = FALSE
	EndGlobalSection
	GlobalSection(ExtensibilityGlobals) = postSolution
		SolutionGuid = {E0F2B581-149F-4929-B97D-B4AB23E5EB44}
	EndGlobalSection
EndGlobal
